// !$*UTF8*$!
{
	archiveVersion = 1;
	classes = {
	};
	objectVersion = 70;
	objects = {

/* Begin PBXBuildFile section */
		7B15EA002F37149800E9425B /* Item.swift in Sources */ = {isa = PBXBuildFile; fileRef = A20000020000000000000002 /* Item.swift */; };
		91FF533CA3204521E79D2548 /* Foundation.framework in Frameworks */ = {isa = PBXBuildFile; fileRef = D266E97BCBDF5B2AD1C5B3FA /* Foundation.framework */; };
		A10000120000000000000012 /* Trip.swift in Sources */ = {isa = PBXBuildFile; fileRef = A20000120000000000000012 /* Trip.swift */; };
/* End PBXBuildFile section */

/* Begin PBXContainerItemProxy section */
		8AA2981CE196793C70B90FEB /* PBXContainerItemProxy */ = {
			isa = PBXContainerItemProxy;
			containerPortal = A8000001000000000000002E /* Project object */;
			proxyType = 1;
			remoteGlobalIDString = A6000001000000000000002A;
			remoteInfo = SmartPack;
		};
/* End PBXContainerItemProxy section */

/* Begin PBXFileReference section */
		7B3436AB2F30D6DB00D50327 /* CustomItemManager.swift */ = {isa = PBXFileReference; lastKnownFileType = sourcecode.swift; path = CustomItemManager.swift; sourceTree = "<group>"; };
		7B3436F82F363A3000D50327 /* Info.plist */ = {isa = PBXFileReference; lastKnownFileType = text.plist.xml; path = Info.plist; sourceTree = "<group>"; };
		99D4FBF10D2AA38339FAADA1 /* SmartPackTests.xctest */ = {isa = PBXFileReference; explicitFileType = wrapper.cfbundle; includeInIndex = 0; path = SmartPackTests.xctest; sourceTree = BUILT_PRODUCTS_DIR; };
		A20000010000000000000001 /* SmartPackApp.swift */ = {isa = PBXFileReference; lastKnownFileType = sourcecode.swift; path = SmartPackApp.swift; sourceTree = "<group>"; };
		A20000020000000000000002 /* Item.swift */ = {isa = PBXFileReference; lastKnownFileType = sourcecode.swift; path = Item.swift; sourceTree = "<group>"; };
		A20000030000000000000003 /* Tag.swift */ = {isa = PBXFileReference; lastKnownFileType = sourcecode.swift; path = Tag.swift; sourceTree = "<group>"; };
		A20000040000000000000004 /* TripConfig.swift */ = {isa = PBXFileReference; lastKnownFileType = sourcecode.swift; path = TripConfig.swift; sourceTree = "<group>"; };
		A20000050000000000000005 /* PresetData.swift */ = {isa = PBXFileReference; lastKnownFileType = sourcecode.swift; path = PresetData.swift; sourceTree = "<group>"; };
		A20000060000000000000006 /* LocalizationManager.swift */ = {isa = PBXFileReference; lastKnownFileType = sourcecode.swift; path = LocalizationManager.swift; sourceTree = "<group>"; };
		A2000011000000000000000B /* Assets.xcassets */ = {isa = PBXFileReference; lastKnownFileType = folder.assetcatalog; path = Assets.xcassets; sourceTree = "<group>"; };
		A20000120000000000000012 /* Trip.swift */ = {isa = PBXFileReference; lastKnownFileType = sourcecode.swift; path = Trip.swift; sourceTree = "<group>"; };
		A3000001000000000000000C /* SmartPack.app */ = {isa = PBXFileReference; explicitFileType = wrapper.application; includeInIndex = 0; path = SmartPack.app; sourceTree = BUILT_PRODUCTS_DIR; };
		D266E97BCBDF5B2AD1C5B3FA /* Foundation.framework */ = {isa = PBXFileReference; lastKnownFileType = wrapper.framework; name = Foundation.framework; path = Platforms/iPhoneOS.platform/Developer/SDKs/iPhoneOS18.0.sdk/System/Library/Frameworks/Foundation.framework; sourceTree = DEVELOPER_DIR; };
/* End PBXFileReference section */

/* Begin PBXFileSystemSynchronizedBuildFileExceptionSet section */
		7B3F3E712F363D0A00103BFC /* PBXFileSystemSynchronizedBuildFileExceptionSet */ = {
			isa = PBXFileSystemSynchronizedBuildFileExceptionSet;
			membershipExceptions = (
				Info.plist,
				Models/Item.swift,
				Models/Trip.swift,
			);
			target = A6000001000000000000002A /* SmartPack */;
		};
/* End PBXFileSystemSynchronizedBuildFileExceptionSet section */

/* Begin PBXFileSystemSynchronizedRootGroup section */
		7B3436B92F3639BD00D50327 /* SmartPack */ = {isa = PBXFileSystemSynchronizedRootGroup; exceptions = (7B3F3E712F363D0A00103BFC /* PBXFileSystemSynchronizedBuildFileExceptionSet */, ); explicitFileTypes = {}; explicitFolders = (); path = SmartPack; sourceTree = "<group>"; };
		C460B41C9FBCC6CC41663DFD /* SmartPackTests */ = {isa = PBXFileSystemSynchronizedRootGroup; explicitFileTypes = {}; explicitFolders = (); path = SmartPackTests; sourceTree = "<group>"; };
/* End PBXFileSystemSynchronizedRootGroup section */

/* Begin PBXFrameworksBuildPhase section */
		78CC46CB6479F58EF21D1D79 /* Frameworks */ = {
			isa = PBXFrameworksBuildPhase;
			buildActionMask = 2147483647;
			files = (
				91FF533CA3204521E79D2548 /* Foundation.framework in Frameworks */,
			);
			runOnlyForDeploymentPostprocessing = 0;
		};
		A4000001000000000000000D /* Frameworks */ = {
			isa = PBXFrameworksBuildPhase;
			buildActionMask = 2147483647;
			files = (
			);
			runOnlyForDeploymentPostprocessing = 0;
		};
/* End PBXFrameworksBuildPhase section */

/* Begin PBXGroup section */
		A5000001000000000000000E = {
			isa = PBXGroup;
			children = (
				A5000002000000000000000F /* SmartPack */,
				7B3436B92F3639BD00D50327 /* SmartPack */,
				B90D3774676F0F2DDB0DDB7C /* iOS */,
				A5000003000000000000001A /* Products */,
				C460B41C9FBCC6CC41663DFD /* SmartPackTests */,
			);
			sourceTree = "<group>";
		};
		A5000002000000000000000F /* SmartPack */ = {
			isa = PBXGroup;
			children = (
				7B3436F82F363A3000D50327 /* Info.plist */,
				A20000010000000000000001 /* SmartPackApp.swift */,
				A5000004000000000000001B /* Models */,
				A5000005000000000000001C /* Data */,
				A5000007000000000000001E /* Views */,
				A5000008000000000000001F /* Localization */,
				A2000011000000000000000B /* Assets.xcassets */,
			);
			path = SmartPack;
			sourceTree = "<group>";
		};
		A5000003000000000000001A /* Products */ = {
			isa = PBXGroup;
			children = (
				A3000001000000000000000C /* SmartPack.app */,
				99D4FBF10D2AA38339FAADA1 /* SmartPackTests.xctest */,
			);
			name = Products;
			sourceTree = "<group>";
		};
		A5000004000000000000001B /* Models */ = {
			isa = PBXGroup;
			children = (
				A20000020000000000000002 /* Item.swift */,
				A20000030000000000000003 /* Tag.swift */,
				A20000040000000000000004 /* TripConfig.swift */,
				A20000120000000000000012 /* Trip.swift */,
			);
			path = Models;
			sourceTree = "<group>";
		};
		A5000005000000000000001C /* Data */ = {
			isa = PBXGroup;
			children = (
				7B3436AB2F30D6DB00D50327 /* CustomItemManager.swift */,
				A20000050000000000000005 /* PresetData.swift */,
			);
			path = Data;
			sourceTree = "<group>";
		};
		A5000007000000000000001E /* Views */ = {
			isa = PBXGroup;
			children = (
			);
			path = Views;
			sourceTree = "<group>";
		};
		A5000008000000000000001F /* Localization */ = {
			isa = PBXGroup;
			children = (
				A20000060000000000000006 /* LocalizationManager.swift */,
			);
			path = Localization;
			sourceTree = "<group>";
		};
		B90D3774676F0F2DDB0DDB7C /* iOS */ = {
			isa = PBXGroup;
			children = (
				D266E97BCBDF5B2AD1C5B3FA /* Foundation.framework */,
			);
			name = iOS;
			sourceTree = "<group>";
		};
/* End PBXGroup section */

/* Begin PBXNativeTarget section */
		A6000001000000000000002A /* SmartPack */ = {
			isa = PBXNativeTarget;
			buildConfigurationList = A7000001000000000000002D /* Build configuration list for PBXNativeTarget "SmartPack" */;
			buildPhases = (
				A6000002000000000000002B /* Sources */,
				A4000001000000000000000D /* Frameworks */,
				A6000003000000000000002C /* Resources */,
			);
			buildRules = (
			);
			dependencies = (
			);
			fileSystemSynchronizedGroups = (
				7B3436B92F3639BD00D50327 /* SmartPack */,
			);
			name = SmartPack;
			productName = SmartPack;
			productReference = A3000001000000000000000C /* SmartPack.app */;
			productType = "com.apple.product-type.application";
		};
		AD1ACAE614899656A4BC7627 /* SmartPackTests */ = {
			isa = PBXNativeTarget;
			buildConfigurationList = 0B188A18BB3AC410903B1BAB /* Build configuration list for PBXNativeTarget "SmartPackTests" */;
			buildPhases = (
				162AE6ADDF12CE5A09E75954 /* Sources */,
				78CC46CB6479F58EF21D1D79 /* Frameworks */,
				BB59225316DE850E4558E7DA /* Resources */,
			);
			buildRules = (
			);
			dependencies = (
				025A5A32AFE3A5C3D55FB8B5 /* PBXTargetDependency */,
			);
			fileSystemSynchronizedGroups = (
				C460B41C9FBCC6CC41663DFD /* SmartPackTests */,
			);
			name = SmartPackTests;
			productName = SmartPackTests;
			productReference = 99D4FBF10D2AA38339FAADA1 /* SmartPackTests.xctest */;
			productType = "com.apple.product-type.bundle.unit-test";
		};
/* End PBXNativeTarget section */

/* Begin PBXProject section */
		A8000001000000000000002E /* Project object */ = {
			isa = PBXProject;
			attributes = {
				BuildIndependentTargetsInParallel = 1;
				LastSwiftUpdateCheck = 2620;
				LastUpgradeCheck = 2620;
				TargetAttributes = {
					A6000001000000000000002A = {
						CreatedOnToolsVersion = 15.0;
					};
					AD1ACAE614899656A4BC7627 = {
						CreatedOnToolsVersion = 26.2;
						TestTargetID = A6000001000000000000002A;
					};
				};
			};
			buildConfigurationList = A7000002000000000000002F /* Build configuration list for PBXProject "SmartPack" */;
			compatibilityVersion = "Xcode 14.0";
			developmentRegion = en;
			hasScannedForEncodings = 0;
			knownRegions = (
				en,
				"zh-Hans",
				Base,
			);
			mainGroup = A5000001000000000000000E;
			productRefGroup = A5000003000000000000001A /* Products */;
			projectDirPath = "";
			projectRoot = "";
			targets = (
				A6000001000000000000002A /* SmartPack */,
				AD1ACAE614899656A4BC7627 /* SmartPackTests */,
			);
		};
/* End PBXProject section */

/* Begin PBXResourcesBuildPhase section */
		A6000003000000000000002C /* Resources */ = {
			isa = PBXResourcesBuildPhase;
			buildActionMask = 2147483647;
			files = (
			);
			runOnlyForDeploymentPostprocessing = 0;
		};
		BB59225316DE850E4558E7DA /* Resources */ = {
			isa = PBXResourcesBuildPhase;
			buildActionMask = 2147483647;
			files = (
			);
			runOnlyForDeploymentPostprocessing = 0;
		};
/* End PBXResourcesBuildPhase section */

/* Begin PBXSourcesBuildPhase section */
		162AE6ADDF12CE5A09E75954 /* Sources */ = {
			isa = PBXSourcesBuildPhase;
			buildActionMask = 2147483647;
			files = (
			);
			runOnlyForDeploymentPostprocessing = 0;
		};
		A6000002000000000000002B /* Sources */ = {
			isa = PBXSourcesBuildPhase;
			buildActionMask = 2147483647;
			files = (
				A10000120000000000000012 /* Trip.swift in Sources */,
				7B15EA002F37149800E9425B /* Item.swift in Sources */,
			);
			runOnlyForDeploymentPostprocessing = 0;
		};
/* End PBXSourcesBuildPhase section */

/* Begin PBXTargetDependency section */
		025A5A32AFE3A5C3D55FB8B5 /* PBXTargetDependency */ = {
			isa = PBXTargetDependency;
			name = SmartPack;
			target = A6000001000000000000002A /* SmartPack */;
			targetProxy = 8AA2981CE196793C70B90FEB /* PBXContainerItemProxy */;
		};
/* End PBXTargetDependency section */

/* Begin XCBuildConfiguration section */
		32C1A13ABAA0A1BD8D19048D /* Release */ = {
			isa = XCBuildConfiguration;
			buildSettings = {
				BUNDLE_LOADER = "$(TEST_HOST)";
				CLANG_ENABLE_OBJC_WEAK = NO;
				CODE_SIGN_STYLE = Automatic;
				CURRENT_PROJECT_VERSION = 1;
				DEVELOPMENT_TEAM = KL5XAKR7X7;
				GENERATE_INFOPLIST_FILE = YES;
				IPHONEOS_DEPLOYMENT_TARGET = 17.0;
				MARKETING_VERSION = 1.0;
				PRODUCT_BUNDLE_IDENTIFIER = com.smartpack.app.v1.SmartPackTests;
				PRODUCT_NAME = "$(TARGET_NAME)";
				SDKROOT = iphoneos;
				SWIFT_EMIT_LOC_STRINGS = NO;
				SWIFT_VERSION = 5.0;
				TARGETED_DEVICE_FAMILY = "1,2";
				TEST_HOST = "$(BUILT_PRODUCTS_DIR)/SmartPack.app/$(BUNDLE_EXECUTABLE_FOLDER_PATH)/SmartPack";
				VALIDATE_PRODUCT = YES;
			};
			name = Release;
		};
		A9000001000000000000003A /* Debug */ = {
			isa = XCBuildConfiguration;
			buildSettings = {
				ALWAYS_SEARCH_USER_PATHS = NO;
				ASSETCATALOG_COMPILER_GENERATE_SWIFT_ASSET_SYMBOL_EXTENSIONS = YES;
				CLANG_ANALYZER_LOCALIZABILITY_NONLOCALIZED = YES;
				CLANG_ANALYZER_NONNULL = YES;
				CLANG_ANALYZER_NUMBER_OBJECT_CONVERSION = YES_AGGRESSIVE;
				CLANG_CXX_LANGUAGE_STANDARD = "gnu++20";
				CLANG_ENABLE_MODULES = YES;
				CLANG_ENABLE_OBJC_ARC = YES;
				CLANG_ENABLE_OBJC_WEAK = YES;
				CLANG_WARN_BLOCK_CAPTURE_AUTORELEASING = YES;
				CLANG_WARN_BOOL_CONVERSION = YES;
				CLANG_WARN_COMMA = YES;
				CLANG_WARN_CONSTANT_CONVERSION = YES;
				CLANG_WARN_DEPRECATED_OBJC_IMPLEMENTATIONS = YES;
				CLANG_WARN_DIRECT_OBJC_ISA_USAGE = YES_ERROR;
				CLANG_WARN_DOCUMENTATION_COMMENTS = YES;
				CLANG_WARN_EMPTY_BODY = YES;
				CLANG_WARN_ENUM_CONVERSION = YES;
				CLANG_WARN_INFINITE_RECURSION = YES;
				CLANG_WARN_INT_CONVERSION = YES;
				CLANG_WARN_NON_LITERAL_NULL_CONVERSION = YES;
				CLANG_WARN_OBJC_IMPLICIT_RETAIN_SELF = YES;
				CLANG_WARN_OBJC_LITERAL_CONVERSION = YES;
				CLANG_WARN_OBJC_ROOT_CLASS = YES_ERROR;
				CLANG_WARN_QUOTED_INCLUDE_IN_FRAMEWORK_HEADER = YES;
				CLANG_WARN_RANGE_LOOP_ANALYSIS = YES;
				CLANG_WARN_STRICT_PROTOTYPES = YES;
				CLANG_WARN_SUSPICIOUS_MOVE = YES;
				CLANG_WARN_UNGUARDED_AVAILABILITY = YES_AGGRESSIVE;
				CLANG_WARN_UNREACHABLE_CODE = YES;
				CLANG_WARN__DUPLICATE_METHOD_MATCH = YES;
				COPY_PHASE_STRIP = NO;
				DEBUG_INFORMATION_FORMAT = dwarf;
				DEVELOPMENT_TEAM = CXHX3RBB8K;
				ENABLE_STRICT_OBJC_MSGSEND = YES;
				ENABLE_TESTABILITY = YES;
				ENABLE_USER_SCRIPT_SANDBOXING = YES;
				GCC_C_LANGUAGE_STANDARD = gnu17;
				GCC_DYNAMIC_NO_PIC = NO;
				GCC_NO_COMMON_BLOCKS = YES;
				GCC_OPTIMIZATION_LEVEL = 0;
				GCC_PREPROCESSOR_DEFINITIONS = (
					"DEBUG=1",
					"$(inherited)",
				);
				GCC_WARN_64_TO_32_BIT_CONVERSION = YES;
				GCC_WARN_ABOUT_RETURN_TYPE = YES_ERROR;
				GCC_WARN_UNDECLARED_SELECTOR = YES;
				GCC_WARN_UNINITIALIZED_AUTOS = YES_AGGRESSIVE;
				GCC_WARN_UNUSED_FUNCTION = YES;
				GCC_WARN_UNUSED_VARIABLE = YES;
				IPHONEOS_DEPLOYMENT_TARGET = 17.0;
				LOCALIZATION_PREFERS_STRING_CATALOGS = YES;
				MTL_ENABLE_DEBUG_INFO = INCLUDE_SOURCE;
				MTL_FAST_MATH = YES;
				ONLY_ACTIVE_ARCH = YES;
				SDKROOT = iphoneos;
				STRING_CATALOG_GENERATE_SYMBOLS = YES;
				SWIFT_ACTIVE_COMPILATION_CONDITIONS = "DEBUG $(inherited)";
				SWIFT_OPTIMIZATION_LEVEL = "-Onone";
			};
			name = Debug;
		};
		A9000002000000000000003B /* Release */ = {
			isa = XCBuildConfiguration;
			buildSettings = {
				ALWAYS_SEARCH_USER_PATHS = NO;
				ASSETCATALOG_COMPILER_GENERATE_SWIFT_ASSET_SYMBOL_EXTENSIONS = YES;
				CLANG_ANALYZER_LOCALIZABILITY_NONLOCALIZED = YES;
				CLANG_ANALYZER_NONNULL = YES;
				CLANG_ANALYZER_NUMBER_OBJECT_CONVERSION = YES_AGGRESSIVE;
				CLANG_CXX_LANGUAGE_STANDARD = "gnu++20";
				CLANG_ENABLE_MODULES = YES;
				CLANG_ENABLE_OBJC_ARC = YES;
				CLANG_ENABLE_OBJC_WEAK = YES;
				CLANG_WARN_BLOCK_CAPTURE_AUTORELEASING = YES;
				CLANG_WARN_BOOL_CONVERSION = YES;
				CLANG_WARN_COMMA = YES;
				CLANG_WARN_CONSTANT_CONVERSION = YES;
				CLANG_WARN_DEPRECATED_OBJC_IMPLEMENTATIONS = YES;
				CLANG_WARN_DIRECT_OBJC_ISA_USAGE = YES_ERROR;
				CLANG_WARN_DOCUMENTATION_COMMENTS = YES;
				CLANG_WARN_EMPTY_BODY = YES;
				CLANG_WARN_ENUM_CONVERSION = YES;
				CLANG_WARN_INFINITE_RECURSION = YES;
				CLANG_WARN_INT_CONVERSION = YES;
				CLANG_WARN_NON_LITERAL_NULL_CONVERSION = YES;
				CLANG_WARN_OBJC_IMPLICIT_RETAIN_SELF = YES;
				CLANG_WARN_OBJC_LITERAL_CONVERSION = YES;
				CLANG_WARN_OBJC_ROOT_CLASS = YES_ERROR;
				CLANG_WARN_QUOTED_INCLUDE_IN_FRAMEWORK_HEADER = YES;
				CLANG_WARN_RANGE_LOOP_ANALYSIS = YES;
				CLANG_WARN_STRICT_PROTOTYPES = YES;
				CLANG_WARN_SUSPICIOUS_MOVE = YES;
				CLANG_WARN_UNGUARDED_AVAILABILITY = YES_AGGRESSIVE;
				CLANG_WARN_UNREACHABLE_CODE = YES;
				CLANG_WARN__DUPLICATE_METHOD_MATCH = YES;
				COPY_PHASE_STRIP = NO;
				DEBUG_INFORMATION_FORMAT = "dwarf-with-dsym";
				DEVELOPMENT_TEAM = CXHX3RBB8K;
				ENABLE_NS_ASSERTIONS = NO;
				ENABLE_STRICT_OBJC_MSGSEND = YES;
				ENABLE_USER_SCRIPT_SANDBOXING = YES;
				GCC_C_LANGUAGE_STANDARD = gnu17;
				GCC_NO_COMMON_BLOCKS = YES;
				GCC_WARN_64_TO_32_BIT_CONVERSION = YES;
				GCC_WARN_ABOUT_RETURN_TYPE = YES_ERROR;
				GCC_WARN_UNDECLARED_SELECTOR = YES;
				GCC_WARN_UNINITIALIZED_AUTOS = YES_AGGRESSIVE;
				GCC_WARN_UNUSED_FUNCTION = YES;
				GCC_WARN_UNUSED_VARIABLE = YES;
				IPHONEOS_DEPLOYMENT_TARGET = 17.0;
				LOCALIZATION_PREFERS_STRING_CATALOGS = YES;
				MTL_ENABLE_DEBUG_INFO = NO;
				MTL_FAST_MATH = YES;
				SDKROOT = iphoneos;
				STRING_CATALOG_GENERATE_SYMBOLS = YES;
				SWIFT_COMPILATION_MODE = wholemodule;
				VALIDATE_PRODUCT = YES;
			};
			name = Release;
		};
		A9000003000000000000003C /* Debug */ = {
			isa = XCBuildConfiguration;
			buildSettings = {
				ASSETCATALOG_COMPILER_APPICON_NAME = AppIcon;
				ASSETCATALOG_COMPILER_GLOBAL_ACCENT_COLOR_NAME = AccentColor;
				CODE_SIGN_STYLE = Automatic;
				CURRENT_PROJECT_VERSION = 1;
				DEVELOPMENT_ASSET_PATHS = "";
				DEVELOPMENT_TEAM = KL5XAKR7X7;
				ENABLE_PREVIEWS = YES;
				GENERATE_INFOPLIST_FILE = YES;
				INFOPLIST_FILE = SmartPack/Info.plist;
				INFOPLIST_KEY_CFBundleDisplayName = HeyPackie;
				INFOPLIST_KEY_LSApplicationCategoryType = "public.app-category.travel";
				INFOPLIST_KEY_UIApplicationSceneManifest_Generation = YES;
				INFOPLIST_KEY_UIApplicationSupportsIndirectInputEvents = YES;
				INFOPLIST_KEY_UILaunchScreen_Generation = YES;
				INFOPLIST_KEY_UISupportedInterfaceOrientations_iPad = "UIInterfaceOrientationPortrait UIInterfaceOrientationPortraitUpsideDown UIInterfaceOrientationLandscapeLeft UIInterfaceOrientationLandscapeRight";
				INFOPLIST_KEY_UISupportedInterfaceOrientations_iPhone = "UIInterfaceOrientationPortrait UIInterfaceOrientationLandscapeLeft UIInterfaceOrientationLandscapeRight";
				LD_RUNPATH_SEARCH_PATHS = (
					"$(inherited)",
					"@executable_path/Frameworks",
				);
				MARKETING_VERSION = 1.0.0;
				PRODUCT_BUNDLE_IDENTIFIER = com.smartpack.app.v0;
				PRODUCT_NAME = "$(TARGET_NAME)";
				SWIFT_EMIT_LOC_STRINGS = YES;
				SWIFT_VERSION = 5.0;
				TARGETED_DEVICE_FAMILY = "1,2";
			};
			name = Debug;
		};
		A9000004000000000000003D /* Release */ = {
			isa = XCBuildConfiguration;
			buildSettings = {
				ASSETCATALOG_COMPILER_APPICON_NAME = AppIcon;
				ASSETCATALOG_COMPILER_GLOBAL_ACCENT_COLOR_NAME = AccentColor;
				CODE_SIGN_STYLE = Automatic;
				CURRENT_PROJECT_VERSION = 1;
				DEVELOPMENT_ASSET_PATHS = "";
				DEVELOPMENT_TEAM = KL5XAKR7X7;
				ENABLE_PREVIEWS = YES;
				GENERATE_INFOPLIST_FILE = YES;
				INFOPLIST_FILE = SmartPack/Info.plist;
				INFOPLIST_KEY_CFBundleDisplayName = HeyPackie;
				INFOPLIST_KEY_LSApplicationCategoryType = "public.app-category.travel";
				INFOPLIST_KEY_UIApplicationSceneManifest_Generation = YES;
				INFOPLIST_KEY_UIApplicationSupportsIndirectInputEvents = YES;
				INFOPLIST_KEY_UILaunchScreen_Generation = YES;
				INFOPLIST_KEY_UISupportedInterfaceOrientations_iPad = "UIInterfaceOrientationPortrait UIInterfaceOrientationPortraitUpsideDown UIInterfaceOrientationLandscapeLeft UIInterfaceOrientationLandscapeRight";
				INFOPLIST_KEY_UISupportedInterfaceOrientations_iPhone = "UIInterfaceOrientationPortrait UIInterfaceOrientationLandscapeLeft UIInterfaceOrientationLandscapeRight";
				LD_RUNPATH_SEARCH_PATHS = (
					"$(inherited)",
					"@executable_path/Frameworks",
				);
				MARKETING_VERSION = 1.0.0;
				PRODUCT_BUNDLE_IDENTIFIER = com.smartpack.app.v0;
				PRODUCT_NAME = "$(TARGET_NAME)";
				SWIFT_EMIT_LOC_STRINGS = YES;
				SWIFT_VERSION = 5.0;
				TARGETED_DEVICE_FAMILY = "1,2";
			};
			name = Release;
		};
		EAEA8981F1826A34AF8E7711 /* Debug */ = {
			isa = XCBuildConfiguration;
			buildSettings = {
				BUNDLE_LOADER = "$(TEST_HOST)";
				CLANG_ENABLE_OBJC_WEAK = NO;
				CODE_SIGN_STYLE = Automatic;
				CURRENT_PROJECT_VERSION = 1;
				DEVELOPMENT_TEAM = KL5XAKR7X7;
				GENERATE_INFOPLIST_FILE = YES;
				IPHONEOS_DEPLOYMENT_TARGET = 17.0;
				MARKETING_VERSION = 1.0;
				PRODUCT_BUNDLE_IDENTIFIER = com.smartpack.app.v1.SmartPackTests;
				PRODUCT_NAME = "$(TARGET_NAME)";
				SDKROOT = iphoneos;
				SWIFT_EMIT_LOC_STRINGS = NO;
				SWIFT_VERSION = 5.0;
				TARGETED_DEVICE_FAMILY = "1,2";
				TEST_HOST = "$(BUILT_PRODUCTS_DIR)/SmartPack.app/$(BUNDLE_EXECUTABLE_FOLDER_PATH)/SmartPack";
			};
			name = Debug;
		};
/* End XCBuildConfiguration section */

/* Begin XCConfigurationList section */
		0B188A18BB3AC410903B1BAB /* Build configuration list for PBXNativeTarget "SmartPackTests" */ = {
			isa = XCConfigurationList;
			buildConfigurations = (
				32C1A13ABAA0A1BD8D19048D /* Release */,
				EAEA8981F1826A34AF8E7711 /* Debug */,
			);
			defaultConfigurationIsVisible = 0;
			defaultConfigurationName = Release;
		};
		A7000001000000000000002D /* Build configuration list for PBXNativeTarget "SmartPack" */ = {
			isa = XCConfigurationList;
			buildConfigurations = (
				A9000003000000000000003C /* Debug */,
				A9000004000000000000003D /* Release */,
			);
			defaultConfigurationIsVisible = 0;
			defaultConfigurationName = Release;
		};
		A7000002000000000000002F /* Build configuration list for PBXProject "SmartPack" */ = {
			isa = XCConfigurationList;
			buildConfigurations = (
				A9000001000000000000003A /* Debug */,
				A9000002000000000000003B /* Release */,
			);
			defaultConfigurationIsVisible = 0;
			defaultConfigurationName = Release;
		};
/* End XCConfigurationList section */
	};
	rootObject = A8000001000000000000002E /* Project object */;
}
